
Microsoft Visual Studio Solution File, Format Version 12.00
# Visual Studio Version 17
VisualStudioVersion = 17.7.34018.315
MinimumVisualStudioVersion = 10.0.40219.1
Project("{FAE04EC0-301F-11D3-BF4B-00C04F79EFBC}") = "Test2WebAPI", "Test2WebAPI\Test2WebAPI.csproj", "{DBC91049-5A33-40A8-B0A1-E2638CB23FCD}"
EndProject
Global
	GlobalSection(SolutionConfigurationPlatforms) = preSolution
		Debug|Any CPU = Debug|Any CPU
		Release|Any CPU = Release|Any CPU
	EndGlobalSection
	GlobalSection(ProjectConfigurationPlatforms) = postSolution
		{DBC91049-5A33-40A8-B0A1-E2638CB23FCD}.Debug|Any CPU.ActiveCfg = Debug|Any CPU
		{DBC91049-5A33-40A8-B0A1-E2638CB23FCD}.Debug|Any CPU.Build.0 = Debug|Any CPU
		{DBC91049-5A33-40A8-B0A1-E2638CB23FCD}.Release|Any CPU.ActiveCfg = Release|Any CPU
		{DBC91049-5A33-40A8-B0A1-E2638CB23FCD}.Release|Any CPU.Build.0 = Release|Any CPU
	EndGlobalSection
	GlobalSection(SolutionProperties) = preSolution
		HideSolutionNode = FALSE
	EndGlobalSection
	GlobalSection(ExtensibilityGlobals) = postSolution
		SolutionGuid = {B226CF76-EDF1-4303-9D03-7CADBFEAC34D}
	EndGlobalSection
EndGlobal
